
Microsoft Visual Studio Solution File, Format Version 12.00
# Visual Studio Version 16
VisualStudioVersion = 16.0.31729.503
MinimumVisualStudioVersion = 10.0.40219.1
Project("{FAE04EC0-301F-11D3-BF4B-00C04F79EFBC}") = "Salvo", "Salvo\Salvo.csproj", "{5840EA8F-26D0-4383-B63B-41FF63E03353}"
EndProject
Global
	GlobalSection(SolutionConfigurationPlatforms) = preSolution
		Debug|Any CPU = Debug|Any CPU
		Release|Any CPU = Release|Any CPU
	EndGlobalSection
	GlobalSection(ProjectConfigurationPlatforms) = postSolution
		{5840EA8F-26D0-4383-B63B-41FF63E03353}.Debug|Any CPU.ActiveCfg = Debug|Any CPU
		{5840EA8F-26D0-4383-B63B-41FF63E03353}.Debug|Any CPU.Build.0 = Debug|Any CPU
		{5840EA8F-26D0-4383-B63B-41FF63E03353}.Release|Any CPU.ActiveCfg = Release|Any CPU
		{5840EA8F-26D0-4383-B63B-41FF63E03353}.Release|Any CPU.Build.0 = Release|Any CPU
	EndGlobalSection
	GlobalSection(SolutionProperties) = preSolution
		HideSolutionNode = FALSE
	EndGlobalSection
	GlobalSection(ExtensibilityGlobals) = postSolution
		SolutionGuid = {BB2C126B-C215-4736-8CF3-07611162AF47}
	EndGlobalSection
EndGlobal
